Microsoft Visual Studio Solution File, Format Version 9.00
# Visual Studio 2005
Project("{2150E333-8FDC-42A3-9474-1A3956D46DE8}") = "Solution Items", "Solution Items", "{6AE16886-D517-483C-9FFF-41B95746EB2A}"
	ProjectSection(SolutionItems) = preProject
		copyfiles.bat = copyfiles.bat
		..\faq.txt = ..\faq.txt
		XOP_Toolkit_6\IgorXOPs6\XOPSupport\IgorErrors.h = XOP_Toolkit_6\IgorXOPs6\XOPSupport\IgorErrors.h
		XOP_Toolkit_6\IgorXOPs6\XOPSupport\IgorXOP.h = XOP_Toolkit_6\IgorXOPs6\XOPSupport\IgorXOP.h
		..\INSTALL.TXT = ..\INSTALL.TXT
		XOP_Toolkit_6\IgorXOPs6\XOPSupport\NamedFIFO.h = XOP_Toolkit_6\IgorXOPs6\XOPSupport\NamedFIFO.h
		..\todo.txt = ..\todo.txt
		XOP_Toolkit_6\IgorXOPs6\XOPSupport\WMTypes.h = XOP_Toolkit_6\IgorXOPs6\XOPSupport\WMTypes.h
		XOP_Toolkit_6\IgorXOPs6\XOPSupport\XOP.h = XOP_Toolkit_6\IgorXOPs6\XOPSupport\XOP.h
		XOP_Toolkit_6\IgorXOPs6\XOPSupport\XOPDataFolderAccess.c = XOP_Toolkit_6\IgorXOPs6\XOPSupport\XOPDataFolderAccess.c
		XOP_Toolkit_6\IgorXOPs6\XOPSupport\XOPDialogsMac.c = XOP_Toolkit_6\IgorXOPs6\XOPSupport\XOPDialogsMac.c
		XOP_Toolkit_6\IgorXOPs6\XOPSupport\XOPDialogsWin.c = XOP_Toolkit_6\IgorXOPs6\XOPSupport\XOPDialogsWin.c
		XOP_Toolkit_6\IgorXOPs6\XOPSupport\XOPFiles.c = XOP_Toolkit_6\IgorXOPs6\XOPSupport\XOPFiles.c
		XOP_Toolkit_6\IgorXOPs6\XOPSupport\XOPFilesMac.c = XOP_Toolkit_6\IgorXOPs6\XOPSupport\XOPFilesMac.c
		XOP_Toolkit_6\IgorXOPs6\XOPSupport\XOPFilesWin.c = XOP_Toolkit_6\IgorXOPs6\XOPSupport\XOPFilesWin.c
		XOP_Toolkit_6\IgorXOPs6\XOPSupport\XOPMenus.c = XOP_Toolkit_6\IgorXOPs6\XOPSupport\XOPMenus.c
		XOP_Toolkit_6\IgorXOPs6\XOPSupport\XOPNumericConversion.c = XOP_Toolkit_6\IgorXOPs6\XOPSupport\XOPNumericConversion.c
		XOP_Toolkit_6\IgorXOPs6\XOPSupport\XOPResources.h = XOP_Toolkit_6\IgorXOPs6\XOPSupport\XOPResources.h
		IgorXOPs6-Beta-100819\XOPSupport\XOPStandardHeaders.h = IgorXOPs6-Beta-100819\XOPSupport\XOPStandardHeaders.h
		XOP_Toolkit_6\IgorXOPs6\XOPSupport\XOPStandardHeaders.h = XOP_Toolkit_6\IgorXOPs6\XOPSupport\XOPStandardHeaders.h
		XOP_Toolkit_6\IgorXOPs6\XOPSupport\XOPSupport.c = XOP_Toolkit_6\IgorXOPs6\XOPSupport\XOPSupport.c
		XOP_Toolkit_6\IgorXOPs6\XOPSupport\XOPSupport.h = XOP_Toolkit_6\IgorXOPs6\XOPSupport\XOPSupport.h
		XOP_Toolkit_6\IgorXOPs6\XOPSupport\XOPSupportMac.c = XOP_Toolkit_6\IgorXOPs6\XOPSupport\XOPSupportMac.c
		XOP_Toolkit_6\IgorXOPs6\XOPSupport\XOPSupportMac.h = XOP_Toolkit_6\IgorXOPs6\XOPSupport\XOPSupportMac.h
		XOP_Toolkit_6\IgorXOPs6\XOPSupport\XOPSupportWin.c = XOP_Toolkit_6\IgorXOPs6\XOPSupport\XOPSupportWin.c
		XOP_Toolkit_6\IgorXOPs6\XOPSupport\XOPSupportWin.h = XOP_Toolkit_6\IgorXOPs6\XOPSupport\XOPSupportWin.h
		XOP_Toolkit_6\IgorXOPs6\XOPSupport\XOPWaveAccess.c = XOP_Toolkit_6\IgorXOPs6\XOPSupport\XOPWaveAccess.c
		XOP_Toolkit_6\IgorXOPs6\XOPSupport\XOPWindows.c = XOP_Toolkit_6\IgorXOPs6\XOPSupport\XOPWindows.c
		XOP_Toolkit_6\IgorXOPs6\XOPSupport\XOPWinMacSupport.h = XOP_Toolkit_6\IgorXOPs6\XOPSupport\XOPWinMacSupport.h
	EndProjectSection
EndProject
Project("{8BC9CEB8-8B4A-11D0-8D11-00A0C91BC942}") = "MatrixFileReader", "MatrixFileReader.vcproj", "{93F8C561-7B77-4DEA-8DFC-0686D676DFB4}"
EndProject
Global
	GlobalSection(SolutionConfigurationPlatforms) = preSolution
		Release|Win32 = Release|Win32
	EndGlobalSection
	GlobalSection(ProjectConfigurationPlatforms) = postSolution
		{93F8C561-7B77-4DEA-8DFC-0686D676DFB4}.Release|Win32.ActiveCfg = Release|Win32
		{93F8C561-7B77-4DEA-8DFC-0686D676DFB4}.Release|Win32.Build.0 = Release|Win32
	EndGlobalSection
	GlobalSection(SolutionProperties) = preSolution
		HideSolutionNode = FALSE
	EndGlobalSection
EndGlobal
